
Microsoft Visual Studio Solution File, Format Version 12.00
# Visual Studio Version 17
VisualStudioVersion = 17.0.31903.59
MinimumVisualStudioVersion = 10.0.40219.1
Project("{FAE04EC0-301F-11D3-BF4B-00C04F79EFBC}") = "CFS-1507.Controller", "CFS-1507.Controller\CFS-1507.Controller.csproj", "{CA0C630C-79C3-4CB6-8A96-6200058EAE98}"
EndProject
Project("{FAE04EC0-301F-11D3-BF4B-00C04F79EFBC}") = "CFS-1507.Application", "CFS-1507.Application\CFS-1507.Application.csproj", "{7BA5DC4B-4402-4A37-ADE8-8C47AA5CBCB8}"
EndProject
Project("{FAE04EC0-301F-11D3-BF4B-00C04F79EFBC}") = "CFS-1507.Domain", "CFS-1507.Domain\CFS-1507.Domain.csproj", "{CFA6F156-AF92-44C6-BCE6-148DB336A946}"
EndProject
Project("{FAE04EC0-301F-11D3-BF4B-00C04F79EFBC}") = "CFS-1507.Infrastructure", "CFS-1507.Infrastructure\CFS-1507.Infrastructure.csproj", "{30FB3756-F135-41A0-9855-3E9C7EA01331}"
EndProject
Global
	GlobalSection(SolutionConfigurationPlatforms) = preSolution
		Debug|Any CPU = Debug|Any CPU
		Debug|x64 = Debug|x64
		Debug|x86 = Debug|x86
		Release|Any CPU = Release|Any CPU
		Release|x64 = Release|x64
		Release|x86 = Release|x86
	EndGlobalSection
	GlobalSection(ProjectConfigurationPlatforms) = postSolution
		{CA0C630C-79C3-4CB6-8A96-6200058EAE98}.Debug|Any CPU.ActiveCfg = Debug|Any CPU
		{CA0C630C-79C3-4CB6-8A96-6200058EAE98}.Debug|Any CPU.Build.0 = Debug|Any CPU
		{CA0C630C-79C3-4CB6-8A96-6200058EAE98}.Debug|x64.ActiveCfg = Debug|Any CPU
		{CA0C630C-79C3-4CB6-8A96-6200058EAE98}.Debug|x64.Build.0 = Debug|Any CPU
		{CA0C630C-79C3-4CB6-8A96-6200058EAE98}.Debug|x86.ActiveCfg = Debug|Any CPU
		{CA0C630C-79C3-4CB6-8A96-6200058EAE98}.Debug|x86.Build.0 = Debug|Any CPU
		{CA0C630C-79C3-4CB6-8A96-6200058EAE98}.Release|Any CPU.ActiveCfg = Release|Any CPU
		{CA0C630C-79C3-4CB6-8A96-6200058EAE98}.Release|Any CPU.Build.0 = Release|Any CPU
		{CA0C630C-79C3-4CB6-8A96-6200058EAE98}.Release|x64.ActiveCfg = Release|Any CPU
		{CA0C630C-79C3-4CB6-8A96-6200058EAE98}.Release|x64.Build.0 = Release|Any CPU
		{CA0C630C-79C3-4CB6-8A96-6200058EAE98}.Release|x86.ActiveCfg = Release|Any CPU
		{CA0C630C-79C3-4CB6-8A96-6200058EAE98}.Release|x86.Build.0 = Release|Any CPU
		{7BA5DC4B-4402-4A37-ADE8-8C47AA5CBCB8}.Debug|Any CPU.ActiveCfg = Debug|Any CPU
		{7BA5DC4B-4402-4A37-ADE8-8C47AA5CBCB8}.Debug|Any CPU.Build.0 = Debug|Any CPU
		{7BA5DC4B-4402-4A37-ADE8-8C47AA5CBCB8}.Debug|x64.ActiveCfg = Debug|Any CPU
		{7BA5DC4B-4402-4A37-ADE8-8C47AA5CBCB8}.Debug|x64.Build.0 = Debug|Any CPU
		{7BA5DC4B-4402-4A37-ADE8-8C47AA5CBCB8}.Debug|x86.ActiveCfg = Debug|Any CPU
		{7BA5DC4B-4402-4A37-ADE8-8C47AA5CBCB8}.Debug|x86.Build.0 = Debug|Any CPU
		{7BA5DC4B-4402-4A37-ADE8-8C47AA5CBCB8}.Release|Any CPU.ActiveCfg = Release|Any CPU
		{7BA5DC4B-4402-4A37-ADE8-8C47AA5CBCB8}.Release|Any CPU.Build.0 = Release|Any CPU
		{7BA5DC4B-4402-4A37-ADE8-8C47AA5CBCB8}.Release|x64.ActiveCfg = Release|Any CPU
		{7BA5DC4B-4402-4A37-ADE8-8C47AA5CBCB8}.Release|x64.Build.0 = Release|Any CPU
		{7BA5DC4B-4402-4A37-ADE8-8C47AA5CBCB8}.Release|x86.ActiveCfg = Release|Any CPU
		{7BA5DC4B-4402-4A37-ADE8-8C47AA5CBCB8}.Release|x86.Build.0 = Release|Any CPU
		{CFA6F156-AF92-44C6-BCE6-148DB336A946}.Debug|Any CPU.ActiveCfg = Debug|Any CPU
		{CFA6F156-AF92-44C6-BCE6-148DB336A946}.Debug|Any CPU.Build.0 = Debug|Any CPU
		{CFA6F156-AF92-44C6-BCE6-148DB336A946}.Debug|x64.ActiveCfg = Debug|Any CPU
		{CFA6F156-AF92-44C6-BCE6-148DB336A946}.Debug|x64.Build.0 = Debug|Any CPU
		{CFA6F156-AF92-44C6-BCE6-148DB336A946}.Debug|x86.ActiveCfg = Debug|Any CPU
		{CFA6F156-AF92-44C6-BCE6-148DB336A946}.Debug|x86.Build.0 = Debug|Any CPU
		{CFA6F156-AF92-44C6-BCE6-148DB336A946}.Release|Any CPU.ActiveCfg = Release|Any CPU
		{CFA6F156-AF92-44C6-BCE6-148DB336A946}.Release|Any CPU.Build.0 = Release|Any CPU
		{CFA6F156-AF92-44C6-BCE6-148DB336A946}.Release|x64.ActiveCfg = Release|Any CPU
		{CFA6F156-AF92-44C6-BCE6-148DB336A946}.Release|x64.Build.0 = Release|Any CPU
		{CFA6F156-AF92-44C6-BCE6-148DB336A946}.Release|x86.ActiveCfg = Release|Any CPU
		{CFA6F156-AF92-44C6-BCE6-148DB336A946}.Release|x86.Build.0 = Release|Any CPU
		{30FB3756-F135-41A0-9855-3E9C7EA01331}.Debug|Any CPU.ActiveCfg = Debug|Any CPU
		{30FB3756-F135-41A0-9855-3E9C7EA01331}.Debug|Any CPU.Build.0 = Debug|Any CPU
		{30FB3756-F135-41A0-9855-3E9C7EA01331}.Debug|x64.ActiveCfg = Debug|Any CPU
		{30FB3756-F135-41A0-9855-3E9C7EA01331}.Debug|x64.Build.0 = Debug|Any CPU
		{30FB3756-F135-41A0-9855-3E9C7EA01331}.Debug|x86.ActiveCfg = Debug|Any CPU
		{30FB3756-F135-41A0-9855-3E9C7EA01331}.Debug|x86.Build.0 = Debug|Any CPU
		{30FB3756-F135-41A0-9855-3E9C7EA01331}.Release|Any CPU.ActiveCfg = Release|Any CPU
		{30FB3756-F135-41A0-9855-3E9C7EA01331}.Release|Any CPU.Build.0 = Release|Any CPU
		{30FB3756-F135-41A0-9855-3E9C7EA01331}.Release|x64.ActiveCfg = Release|Any CPU
		{30FB3756-F135-41A0-9855-3E9C7EA01331}.Release|x64.Build.0 = Release|Any CPU
		{30FB3756-F135-41A0-9855-3E9C7EA01331}.Release|x86.ActiveCfg = Release|Any CPU
		{30FB3756-F135-41A0-9855-3E9C7EA01331}.Release|x86.Build.0 = Release|Any CPU
	EndGlobalSection
	GlobalSection(SolutionProperties) = preSolution
		HideSolutionNode = FALSE
	EndGlobalSection
EndGlobal
